// !$*UTF8*$!
{
	archiveVersion = 1;
	classes = {
	};
	objectVersion = 46;
	objects = {

/* Begin PBXBuildFile section */
		DC163ECC16FDD58700E9FD49 /* UIKit.framework in Frameworks */ = {isa = PBXBuildFile; fileRef = DC163ECB16FDD58700E9FD49 /* UIKit.framework */; };
		DC163ECE16FDD58700E9FD49 /* Foundation.framework in Frameworks */ = {isa = PBXBuildFile; fileRef = DC163ECD16FDD58700E9FD49 /* Foundation.framework */; };
		DC163ED016FDD58700E9FD49 /* CoreGraphics.framework in Frameworks */ = {isa = PBXBuildFile; fileRef = DC163ECF16FDD58700E9FD49 /* CoreGraphics.framework */; };
		DC163ED616FDD58700E9FD49 /* InfoPlist.strings in Resources */ = {isa = PBXBuildFile; fileRef = DC163ED416FDD58700E9FD49 /* InfoPlist.strings */; };
		DC163ED816FDD58700E9FD49 /* main.m in Sources */ = {isa = PBXBuildFile; fileRef = DC163ED716FDD58700E9FD49 /* main.m */; };
		DC163EDC16FDD58700E9FD49 /* ASAppDelegate.m in Sources */ = {isa = PBXBuildFile; fileRef = DC163EDB16FDD58700E9FD49 /* ASAppDelegate.m */; };
		DC163EDE16FDD58700E9FD49 /* Default.png in Resources */ = {isa = PBXBuildFile; fileRef = DC163EDD16FDD58700E9FD49 /* Default.png */; };
		DC163EE016FDD58700E9FD49 /* Default@2x.png in Resources */ = {isa = PBXBuildFile; fileRef = DC163EDF16FDD58700E9FD49 /* Default@2x.png */; };
		DC163EE216FDD58700E9FD49 /* Default-568h@2x.png in Resources */ = {isa = PBXBuildFile; fileRef = DC163EE116FDD58700E9FD49 /* Default-568h@2x.png */; };
		DC163EE516FDD58700E9FD49 /* MainStoryboard_iPhone.storyboard in Resources */ = {isa = PBXBuildFile; fileRef = DC163EE316FDD58700E9FD49 /* MainStoryboard_iPhone.storyboard */; };
		DC163EE816FDD58700E9FD49 /* MainStoryboard_iPad.storyboard in Resources */ = {isa = PBXBuildFile; fileRef = DC163EE616FDD58700E9FD49 /* MainStoryboard_iPad.storyboard */; };
		DC163EEB16FDD58700E9FD49 /* ASViewController.m in Sources */ = {isa = PBXBuildFile; fileRef = DC163EEA16FDD58700E9FD49 /* ASViewController.m */; };
		DC96294A16FDDA6600EE5C21 /* NMSSH.framework in Frameworks */ = {isa = PBXBuildFile; fileRef = DC96294916FDDA6600EE5C21 /* NMSSH.framework */; };
/* End PBXBuildFile section */

/* Begin PBXFileReference section */
		DC163EC816FDD58700E9FD49 /* iScrape.app */ = {isa = PBXFileReference; explicitFileType = wrapper.application; includeInIndex = 0; path = iScrape.app; sourceTree = BUILT_PRODUCTS_DIR; };
		DC163ECB16FDD58700E9FD49 /* UIKit.framework */ = {isa = PBXFileReference; lastKnownFileType = wrapper.framework; name = UIKit.framework; path = System/Library/Frameworks/UIKit.framework; sourceTree = SDKROOT; };
		DC163ECD16FDD58700E9FD49 /* Foundation.framework */ = {isa = PBXFileReference; lastKnownFileType = wrapper.framework; name = Foundation.framework; path = System/Library/Frameworks/Foundation.framework; sourceTree = SDKROOT; };
		DC163ECF16FDD58700E9FD49 /* CoreGraphics.framework */ = {isa = PBXFileReference; lastKnownFileType = wrapper.framework; name = CoreGraphics.framework; path = System/Library/Frameworks/CoreGraphics.framework; sourceTree = SDKROOT; };
		DC163ED316FDD58700E9FD49 /* iScrape-Info.plist */ = {isa = PBXFileReference; lastKnownFileType = text.plist.xml; path = "iScrape-Info.plist"; sourceTree = "<group>"; };
		DC163ED516FDD58700E9FD49 /* en */ = {isa = PBXFileReference; lastKnownFileType = text.plist.strings; name = en; path = en.lproj/InfoPlist.strings; sourceTree = "<group>"; };
		DC163ED716FDD58700E9FD49 /* main.m */ = {isa = PBXFileReference; lastKnownFileType = sourcecode.c.objc; path = main.m; sourceTree = "<group>"; };
		DC163ED916FDD58700E9FD49 /* iScrape-Prefix.pch */ = {isa = PBXFileReference; lastKnownFileType = sourcecode.c.h; path = "iScrape-Prefix.pch"; sourceTree = "<group>"; };
		DC163EDA16FDD58700E9FD49 /* ASAppDelegate.h */ = {isa = PBXFileReference; lastKnownFileType = sourcecode.c.h; path = ASAppDelegate.h; sourceTree = "<group>"; };
		DC163EDB16FDD58700E9FD49 /* ASAppDelegate.m */ = {isa = PBXFileReference; lastKnownFileType = sourcecode.c.objc; path = ASAppDelegate.m; sourceTree = "<group>"; };
		DC163EDD16FDD58700E9FD49 /* Default.png */ = {isa = PBXFileReference; lastKnownFileType = image.png; path = Default.png; sourceTree = "<group>"; };
		DC163EDF16FDD58700E9FD49 /* Default@2x.png */ = {isa = PBXFileReference; lastKnownFileType = image.png; path = "Default@2x.png"; sourceTree = "<group>"; };
		DC163EE116FDD58700E9FD49 /* Default-568h@2x.png */ = {isa = PBXFileReference; lastKnownFileType = image.png; path = "Default-568h@2x.png"; sourceTree = "<group>"; };
		DC163EE416FDD58700E9FD49 /* en */ = {isa = PBXFileReference; lastKnownFileType = file.storyboard; name = en; path = en.lproj/MainStoryboard_iPhone.storyboard; sourceTree = "<group>"; };
		DC163EE716FDD58700E9FD49 /* en */ = {isa = PBXFileReference; lastKnownFileType = file.storyboard; name = en; path = en.lproj/MainStoryboard_iPad.storyboard; sourceTree = "<group>"; };
		DC163EE916FDD58700E9FD49 /* ASViewController.h */ = {isa = PBXFileReference; lastKnownFileType = sourcecode.c.h; path = ASViewController.h; sourceTree = "<group>"; };
		DC163EEA16FDD58700E9FD49 /* ASViewController.m */ = {isa = PBXFileReference; lastKnownFileType = sourcecode.c.objc; path = ASViewController.m; sourceTree = "<group>"; };
		DC96294916FDDA6600EE5C21 /* NMSSH.framework */ = {isa = PBXFileReference; lastKnownFileType = wrapper.framework; path = NMSSH.framework; sourceTree = "<group>"; };
/* End PBXFileReference section */

/* Begin PBXFrameworksBuildPhase section */
		DC163EC516FDD58700E9FD49 /* Frameworks */ = {
			isa = PBXFrameworksBuildPhase;
			buildActionMask = 2147483647;
			files = (
				DC163ECC16FDD58700E9FD49 /* UIKit.framework in Frameworks */,
				DC163ECE16FDD58700E9FD49 /* Foundation.framework in Frameworks */,
				DC163ED016FDD58700E9FD49 /* CoreGraphics.framework in Frameworks */,
				DC96294A16FDDA6600EE5C21 /* NMSSH.framework in Frameworks */,
			);
			runOnlyForDeploymentPostprocessing = 0;
		};
/* End PBXFrameworksBuildPhase section */

/* Begin PBXGroup section */
		DC163EBF16FDD58700E9FD49 = {
			isa = PBXGroup;
			children = (
				DC163ED116FDD58700E9FD49 /* iScrape */,
				DC163ECA16FDD58700E9FD49 /* Frameworks */,
				DC163EC916FDD58700E9FD49 /* Products */,
			);
			sourceTree = "<group>";
		};
		DC163EC916FDD58700E9FD49 /* Products */ = {
			isa = PBXGroup;
			children = (
				DC163EC816FDD58700E9FD49 /* iScrape.app */,
			);
			name = Products;
			sourceTree = "<group>";
		};
		DC163ECA16FDD58700E9FD49 /* Frameworks */ = {
			isa = PBXGroup;
			children = (
				DC96294916FDDA6600EE5C21 /* NMSSH.framework */,
				DC163ECB16FDD58700E9FD49 /* UIKit.framework */,
				DC163ECD16FDD58700E9FD49 /* Foundation.framework */,
				DC163ECF16FDD58700E9FD49 /* CoreGraphics.framework */,
			);
			name = Frameworks;
			sourceTree = "<group>";
		};
		DC163ED116FDD58700E9FD49 /* iScrape */ = {
			isa = PBXGroup;
			children = (
				DC163EDA16FDD58700E9FD49 /* ASAppDelegate.h */,
				DC163EDB16FDD58700E9FD49 /* ASAppDelegate.m */,
				DC163EE316FDD58700E9FD49 /* MainStoryboard_iPhone.storyboard */,
				DC163EE616FDD58700E9FD49 /* MainStoryboard_iPad.storyboard */,
				DC163EE916FDD58700E9FD49 /* ASViewController.h */,
				DC163EEA16FDD58700E9FD49 /* ASViewController.m */,
				DC163ED216FDD58700E9FD49 /* Supporting Files */,
			);
			path = iScrape;
			sourceTree = "<group>";
		};
		DC163ED216FDD58700E9FD49 /* Supporting Files */ = {
			isa = PBXGroup;
			children = (
				DC163ED316FDD58700E9FD49 /* iScrape-Info.plist */,
				DC163ED416FDD58700E9FD49 /* InfoPlist.strings */,
				DC163ED716FDD58700E9FD49 /* main.m */,
				DC163ED916FDD58700E9FD49 /* iScrape-Prefix.pch */,
				DC163EDD16FDD58700E9FD49 /* Default.png */,
				DC163EDF16FDD58700E9FD49 /* Default@2x.png */,
				DC163EE116FDD58700E9FD49 /* Default-568h@2x.png */,
			);
			name = "Supporting Files";
			sourceTree = "<group>";
		};
/* End PBXGroup section */

/* Begin PBXNativeTarget section */
		DC163EC716FDD58700E9FD49 /* iScrape */ = {
			isa = PBXNativeTarget;
			buildConfigurationList = DC163EEE16FDD58700E9FD49 /* Build configuration list for PBXNativeTarget "iScrape" */;
			buildPhases = (
				DC163EC416FDD58700E9FD49 /* Sources */,
				DC163EC516FDD58700E9FD49 /* Frameworks */,
				DC163EC616FDD58700E9FD49 /* Resources */,
			);
			buildRules = (
			);
			dependencies = (
			);
			name = iScrape;
			productName = iScrape;
			productReference = DC163EC816FDD58700E9FD49 /* iScrape.app */;
			productType = "com.apple.product-type.application";
		};
/* End PBXNativeTarget section */

/* Begin PBXProject section */
		DC163EC016FDD58700E9FD49 /* Project object */ = {
			isa = PBXProject;
			attributes = {
				CLASSPREFIX = AS;
				LastUpgradeCheck = 0460;
				ORGANIZATIONNAME = "Robbie Clarken";
			};
			buildConfigurationList = DC163EC316FDD58700E9FD49 /* Build configuration list for PBXProject "iScrape" */;
			compatibilityVersion = "Xcode 3.2";
			developmentRegion = English;
			hasScannedForEncodings = 0;
			knownRegions = (
				en,
			);
			mainGroup = DC163EBF16FDD58700E9FD49;
			productRefGroup = DC163EC916FDD58700E9FD49 /* Products */;
			projectDirPath = "";
			projectRoot = "";
			targets = (
				DC163EC716FDD58700E9FD49 /* iScrape */,
			);
		};
/* End PBXProject section */

/* Begin PBXResourcesBuildPhase section */
		DC163EC616FDD58700E9FD49 /* Resources */ = {
			isa = PBXResourcesBuildPhase;
			buildActionMask = 2147483647;
			files = (
				DC163ED616FDD58700E9FD49 /* InfoPlist.strings in Resources */,
				DC163EDE16FDD58700E9FD49 /* Default.png in Resources */,
				DC163EE016FDD58700E9FD49 /* Default@2x.png in Resources */,
				DC163EE216FDD58700E9FD49 /* Default-568h@2x.png in Resources */,
				DC163EE516FDD58700E9FD49 /* MainStoryboard_iPhone.storyboard in Resources */,
				DC163EE816FDD58700E9FD49 /* MainStoryboard_iPad.storyboard in Resources */,
			);
			runOnlyForDeploymentPostprocessing = 0;
		};
/* End PBXResourcesBuildPhase section */

/* Begin PBXSourcesBuildPhase section */
		DC163EC416FDD58700E9FD49 /* Sources */ = {
			isa = PBXSourcesBuildPhase;
			buildActionMask = 2147483647;
			files = (
				DC163ED816FDD58700E9FD49 /* main.m in Sources */,
				DC163EDC16FDD58700E9FD49 /* ASAppDelegate.m in Sources */,
				DC163EEB16FDD58700E9FD49 /* ASViewController.m in Sources */,
			);
			runOnlyForDeploymentPostprocessing = 0;
		};
/* End PBXSourcesBuildPhase section */

/* Begin PBXVariantGroup section */
		DC163ED416FDD58700E9FD49 /* InfoPlist.strings */ = {
			isa = PBXVariantGroup;
			children = (
				DC163ED516FDD58700E9FD49 /* en */,
			);
			name = InfoPlist.strings;
			sourceTree = "<group>";
		};
		DC163EE316FDD58700E9FD49 /* MainStoryboard_iPhone.storyboard */ = {
			isa = PBXVariantGroup;
			children = (
				DC163EE416FDD58700E9FD49 /* en */,
			);
			name = MainStoryboard_iPhone.storyboard;
			sourceTree = "<group>";
		};
		DC163EE616FDD58700E9FD49 /* MainStoryboard_iPad.storyboard */ = {
			isa = PBXVariantGroup;
			children = (
				DC163EE716FDD58700E9FD49 /* en */,
			);
			name = MainStoryboard_iPad.storyboard;
			sourceTree = "<group>";
		};
/* End PBXVariantGroup section */

/* Begin XCBuildConfiguration section */
		DC163EEC16FDD58700E9FD49 /* Debug */ = {
			isa = XCBuildConfiguration;
			buildSettings = {
				ALWAYS_SEARCH_USER_PATHS = NO;
				CLANG_CXX_LANGUAGE_STANDARD = "gnu++0x";
				CLANG_CXX_LIBRARY = "libc++";
				CLANG_ENABLE_OBJC_ARC = YES;
				CLANG_WARN_CONSTANT_CONVERSION = YES;
				CLANG_WARN_EMPTY_BODY = YES;
				CLANG_WARN_ENUM_CONVERSION = YES;
				CLANG_WARN_INT_CONVERSION = YES;
				CLANG_WARN__DUPLICATE_METHOD_MATCH = YES;
				"CODE_SIGN_IDENTITY[sdk=iphoneos*]" = "iPhone Developer";
				COPY_PHASE_STRIP = NO;
				GCC_C_LANGUAGE_STANDARD = gnu99;
				GCC_DYNAMIC_NO_PIC = NO;
				GCC_OPTIMIZATION_LEVEL = 0;
				GCC_PREPROCESSOR_DEFINITIONS = (
					"DEBUG=1",
					"$(inherited)",
				);
				GCC_SYMBOLS_PRIVATE_EXTERN = NO;
				GCC_WARN_ABOUT_RETURN_TYPE = YES;
				GCC_WARN_UNINITIALIZED_AUTOS = YES;
				GCC_WARN_UNUSED_VARIABLE = YES;
				IPHONEOS_DEPLOYMENT_TARGET = 6.1;
				ONLY_ACTIVE_ARCH = YES;
				SDKROOT = iphoneos;
				TARGETED_DEVICE_FAMILY = "1,2";
			};
			name = Debug;
		};
		DC163EED16FDD58700E9FD49 /* Release */ = {
			isa = XCBuildConfiguration;
			buildSettings = {
				ALWAYS_SEARCH_USER_PATHS = NO;
				CLANG_CXX_LANGUAGE_STANDARD = "gnu++0x";
				CLANG_CXX_LIBRARY = "libc++";
				CLANG_ENABLE_OBJC_ARC = YES;
				CLANG_WARN_CONSTANT_CONVERSION = YES;
				CLANG_WARN_EMPTY_BODY = YES;
				CLANG_WARN_ENUM_CONVERSION = YES;
				CLANG_WARN_INT_CONVERSION = YES;
				CLANG_WARN__DUPLICATE_METHOD_MATCH = YES;
				"CODE_SIGN_IDENTITY[sdk=iphoneos*]" = "iPhone Developer";
				COPY_PHASE_STRIP = YES;
				GCC_C_LANGUAGE_STANDARD = gnu99;
				GCC_WARN_ABOUT_RETURN_TYPE = YES;
				GCC_WARN_UNINITIALIZED_AUTOS = YES;
				GCC_WARN_UNUSED_VARIABLE = YES;
				IPHONEOS_DEPLOYMENT_TARGET = 6.1;
				OTHER_CFLAGS = "-DNS_BLOCK_ASSERTIONS=1";
				SDKROOT = iphoneos;
				TARGETED_DEVICE_FAMILY = "1,2";
				VALIDATE_PRODUCT = YES;
			};
			name = Release;
		};
		DC163EEF16FDD58700E9FD49 /* Debug */ = {
			isa = XCBuildConfiguration;
			buildSettings = {
				FRAMEWORK_SEARCH_PATHS = (
					"$(inherited)",
					"\"$(SRCROOT)\"",
				);
				GCC_PRECOMPILE_PREFIX_HEADER = YES;
				GCC_PREFIX_HEADER = "iScrape/iScrape-Prefix.pch";
				INFOPLIST_FILE = "iScrape/iScrape-Info.plist";
				PRODUCT_NAME = "$(TARGET_NAME)";
				WRAPPER_EXTENSION = app;
			};
			name = Debug;
		};
		DC163EF016FDD58700E9FD49 /* Release */ = {
			isa = XCBuildConfiguration;
			buildSettings = {
				FRAMEWORK_SEARCH_PATHS = (
					"$(inherited)",
					"\"$(SRCROOT)\"",
				);
				GCC_PRECOMPILE_PREFIX_HEADER = YES;
				GCC_PREFIX_HEADER = "iScrape/iScrape-Prefix.pch";
				INFOPLIST_FILE = "iScrape/iScrape-Info.plist";
				PRODUCT_NAME = "$(TARGET_NAME)";
				WRAPPER_EXTENSION = app;
			};
			name = Release;
		};
/* End XCBuildConfiguration section */

/* Begin XCConfigurationList section */
		DC163EC316FDD58700E9FD49 /* Build configuration list for PBXProject "iScrape" */ = {
			isa = XCConfigurationList;
			buildConfigurations = (
				DC163EEC16FDD58700E9FD49 /* Debug */,
				DC163EED16FDD58700E9FD49 /* Release */,
			);
			defaultConfigurationIsVisible = 0;
			defaultConfigurationName = Release;
		};
		DC163EEE16FDD58700E9FD49 /* Build configuration list for PBXNativeTarget "iScrape" */ = {
			isa = XCConfigurationList;
			buildConfigurations = (
				DC163EEF16FDD58700E9FD49 /* Debug */,
				DC163EF016FDD58700E9FD49 /* Release */,
			);
			defaultConfigurationIsVisible = 0;
			defaultConfigurationName = Release;
		};
/* End XCConfigurationList section */
	};
	rootObject = DC163EC016FDD58700E9FD49 /* Project object */;
}
